
Microsoft Visual Studio Solution File, Format Version 12.00
# Visual Studio Version 17
VisualStudioVersion = 17.14.36518.9 d17.14
MinimumVisualStudioVersion = 10.0.40219.1
Project("{FAE04EC0-301F-11D3-BF4B-00C04F79EFBC}") = "TranQuocKiet_1150080101_BTT6", "TranQuocKiet_1150080101_BTT6\TranQuocKiet_1150080101_BTT6.csproj", "{7DA5BAB7-EA07-413C-8395-0380F81D6F7B}"
EndProject
Global
	GlobalSection(SolutionConfigurationPlatforms) = preSolution
		Debug|Any CPU = Debug|Any CPU
		Release|Any CPU = Release|Any CPU
	EndGlobalSection
	GlobalSection(ProjectConfigurationPlatforms) = postSolution
		{7DA5BAB7-EA07-413C-8395-0380F81D6F7B}.Debug|Any CPU.ActiveCfg = Debug|Any CPU
		{7DA5BAB7-EA07-413C-8395-0380F81D6F7B}.Debug|Any CPU.Build.0 = Debug|Any CPU
		{7DA5BAB7-EA07-413C-8395-0380F81D6F7B}.Release|Any CPU.ActiveCfg = Release|Any CPU
		{7DA5BAB7-EA07-413C-8395-0380F81D6F7B}.Release|Any CPU.Build.0 = Release|Any CPU
	EndGlobalSection
	GlobalSection(SolutionProperties) = preSolution
		HideSolutionNode = FALSE
	EndGlobalSection
	GlobalSection(ExtensibilityGlobals) = postSolution
		SolutionGuid = {18A8B17E-CC7A-4609-894C-050D72EE83E3}
	EndGlobalSection
EndGlobal
