
Microsoft Visual Studio Solution File, Format Version 12.00
# Visual Studio Version 17
VisualStudioVersion = 17.14.36518.9 d17.14
MinimumVisualStudioVersion = 10.0.40219.1
Project("{FAE04EC0-301F-11D3-BF4B-00C04F79EFBC}") = "TranQuocKiet_LAB1", "TranQuocKiet_LAB1\TranQuocKiet_LAB1.csproj", "{1372231C-71B3-433F-90A9-2190BEFC337B}"
EndProject
Global
	GlobalSection(SolutionConfigurationPlatforms) = preSolution
		Debug|Any CPU = Debug|Any CPU
		Release|Any CPU = Release|Any CPU
	EndGlobalSection
	GlobalSection(ProjectConfigurationPlatforms) = postSolution
		{1372231C-71B3-433F-90A9-2190BEFC337B}.Debug|Any CPU.ActiveCfg = Debug|Any CPU
		{1372231C-71B3-433F-90A9-2190BEFC337B}.Debug|Any CPU.Build.0 = Debug|Any CPU
		{1372231C-71B3-433F-90A9-2190BEFC337B}.Release|Any CPU.ActiveCfg = Release|Any CPU
		{1372231C-71B3-433F-90A9-2190BEFC337B}.Release|Any CPU.Build.0 = Release|Any CPU
	EndGlobalSection
	GlobalSection(SolutionProperties) = preSolution
		HideSolutionNode = FALSE
	EndGlobalSection
	GlobalSection(ExtensibilityGlobals) = postSolution
		SolutionGuid = {F9CD7FB0-7B5F-479B-97E4-9C704ACBD2AB}
	EndGlobalSection
EndGlobal
